lockfileVersion: '9.0'

settings:
  autoInstallPeers: true
  excludeLinksFromLockfile: false

importers:

  .:
    dependencies:
      '@mantine/core':
        specifier: 9.0.0-alpha.3
        version: 9.0.0-alpha.3(@mantine/hooks@9.0.0-alpha.3(react@19.2.4))(@types/react@19.2.14)(react-dom@19.2.4(react@19.2.4))(react@19.2.4)
      '@mantine/dates':
        specifier: 9.0.0-alpha.3
        version: 9.0.0-alpha.3(@mantine/core@9.0.0-alpha.3(@mantine/hooks@9.0.0-alpha.3(react@19.2.4))(@types/react@19.2.14)(react-dom@19.2.4(react@19.2.4))(react@19.2.4))(@mantine/hooks@9.0.0-alpha.3(react@19.2.4))(dayjs@1.11.13)(react-dom@19.2.4(react@19.2.4))(react@19.2.4)
      '@mantine/hooks':
        specifier: 9.0.0-alpha.3
        version: 9.0.0-alpha.3(react@19.2.4)
      '@tabler/icons-react':
        specifier: 3.37.1
        version: 3.37.1(react@19.2.4)
      clsx:
        specifier: 2.1.1
        version: 2.1.1
      dayjs:
        specifier: 1.11.13
        version: 1.11.13
      mantine-react-table:
        specifier: file:../..
        version: file:../..(@mantine/core@9.0.0-alpha.3(@mantine/hooks@9.0.0-alpha.3(react@19.2.4))(@types/react@19.2.14)(react-dom@19.2.4(react@19.2.4))(react@19.2.4))(@mantine/dates@9.0.0-alpha.3(@mantine/core@9.0.0-alpha.3(@mantine/hooks@9.0.0-alpha.3(react@19.2.4))(@types/react@19.2.14)(react-dom@19.2.4(react@19.2.4))(react@19.2.4))(@mantine/hooks@9.0.0-alpha.3(react@19.2.4))(dayjs@1.11.13)(react-dom@19.2.4(react@19.2.4))(react@19.2.4))(@mantine/hooks@9.0.0-alpha.3(react@19.2.4))(@tabler/icons-react@3.37.1(react@19.2.4))(clsx@2.1.1)(dayjs@1.11.13)(react-dom@19.2.4(react@19.2.4))(react@19.2.4)
      react:
        specifier: 19.2.4
        version: 19.2.4
      react-dom:
        specifier: 19.2.4
        version: 19.2.4(react@19.2.4)
    devDependencies:
      '@types/react':
        specifier: 19.2.14
        version: 19.2.14
      '@types/react-dom':
        specifier: 19.2.3
        version: 19.2.3(@types/react@19.2.14)
      '@typescript/native':
        specifier: npm:typescript@7.0.2
        version: typescript@7.0.2
      '@typescript/typescript6':
        specifier: 6.0.2
        version: 6.0.2

packages:

  '@babel/runtime@7.29.7':
    resolution: {integrity: sha512-Nq8OhGWiZIZGV6hLHoyAKLLcJihP/xFeBMGJoUrxTX2psI8dCifzLhZISFb+VWS3wFMRDmCGw5R+dOySCqPLhw==}
    engines: {node: '>=6.9.0'}

  '@floating-ui/core@1.8.0':
    resolution: {integrity: sha512-0CIZ5itps/8x7BG8dEIhs53BvCUH2PCoogtakwRTut+Arm58sJooJ0AuZhLw2HJYIR5cMLNPBSS728sPho2khQ==}

  '@floating-ui/dom@1.8.0':
    resolution: {integrity: sha512-yXSrzeHZBTZadLOlfyhCkJHNeLJnHRnRInwdZ40L7ZiaAtrBwoYlsDrX3v5zB1Utk7CLfzcOVnVVWoXEky7Ceg==}

  '@floating-ui/react-dom@2.1.9':
    resolution: {integrity: sha512-JDjEFGCpImxDCA7JJKviA0M9+RtmJdj0m/NVU5IMgBK+AmZouAQQ7/+2GLH0GXXY0YMw9oXPB8hKdbPYg5QLYg==}
    peerDependencies:
      react: '>=16.8.0'
      react-dom: '>=16.8.0'

  '@floating-ui/react@0.27.20':
    resolution: {integrity: sha512-CMqMy7OaXl9W0eq1Uy7L7i2Y/anPvHmFmESd2CEw0t5YvZhcVCeo4MBevAmswRllX7Y2dEidA4ozGPunLSTQpw==}
    peerDependencies:
      react: '>=17.0.0'
      react-dom: '>=17.0.0'

  '@floating-ui/utils@0.2.12':
    resolution: {integrity: sha512-HpCo8tmWzLVad5s2d19EhAz5zqrrQ6s69qd6moPMQvkOuSwDT1YgRfWSVuc4ennqrgv3OHppiOGMQ7oC13yIww==}

  '@mantine/core@9.0.0-alpha.3':
    resolution: {integrity: sha512-++oWJIXPNAcPpwKjyKzuelWJrF5ZHCJiIvkdIsrJlpppUAq4PQDA2UTDEXfpVb1QZy3uyV4bgK/0tlMYsO8BcQ==}
    peerDependencies:
      '@mantine/hooks': 9.0.0-alpha.3
      react: ^18.x || ^19.x
      react-dom: ^18.x || ^19.x

  '@mantine/dates@9.0.0-alpha.3':
    resolution: {integrity: sha512-85PVEonwqNHUyNabgy7D+P1XKriYgESOwTL0f5X67ANKz05KnpAp86YRVk6QY4H2zzXdnNdrzoKJFdjcch2WHQ==}
    peerDependencies:
      '@mantine/core': 9.0.0-alpha.3
      '@mantine/hooks': 9.0.0-alpha.3
      dayjs: '>=1.0.0'
      react: ^18.x || ^19.x
      react-dom: ^18.x || ^19.x

  '@mantine/hooks@9.0.0-alpha.3':
    resolution: {integrity: sha512-8bcH2ECjL1XY51Q48Wv7JlNkAI8q/1XAx4Hgla31HqULxAdJH9HTKdeRfx6N1RDRvMK6i5cVyxi1207hKecjEA==}
    peerDependencies:
      react: ^18.x || ^19.x

  '@tabler/icons-react@3.37.1':
    resolution: {integrity: sha512-R7UE71Jji7i4Su56Y9zU1uYEBakUejuDJvyuYVmBuUoqp/x3Pn4cv2huarexR3P0GJ2eHg4rUj9l5zccqS6K/Q==}
    peerDependencies:
      react: '>= 16'

  '@tabler/icons@3.46.0':
    resolution: {integrity: sha512-f2RYFl3fzPwj5WO82x6en0dmkjefxEfOm16D1ByM6cj/McNiwOkL4VaPUoP9VVIrXAD9WnTSVFr70px703b//A==}

  '@tanstack/match-sorter-utils@8.19.4':
    resolution: {integrity: sha512-Wo1iKt2b9OT7d+YGhvEPD3DXvPv2etTusIMhMUoG7fbhmxcXCtIjJDEygy91Y2JFlwGyjqiBPRozme7UD8hoqg==}
    engines: {node: '>=12'}

  '@tanstack/react-table@8.21.3':
    resolution: {integrity: sha512-5nNMTSETP4ykGegmVkhjcS8tTLW6Vl4axfEGQN3v0zdHYbK4UfoqfPChclTrJ4EoK9QynqAu9oUf8VEmrpZ5Ww==}
    engines: {node: '>=12'}
    peerDependencies:
      react: '>=16.8'
      react-dom: '>=16.8'

  '@tanstack/react-virtual@3.11.2':
    resolution: {integrity: sha512-OuFzMXPF4+xZgx8UzJha0AieuMihhhaWG0tCqpp6tDzlFwOmNBPYMuLOtMJ1Tr4pXLHmgjcWhG6RlknY2oNTdQ==}
    peerDependencies:
      react: ^16.8.0 || ^17.0.0 || ^18.0.0 || ^19.0.0
      react-dom: ^16.8.0 || ^17.0.0 || ^18.0.0 || ^19.0.0

  '@tanstack/table-core@8.21.3':
    resolution: {integrity: sha512-ldZXEhOBb8Is7xLs01fR3YEc3DERiz5silj8tnGkFZytt1abEvl/GhUmCE0PMLaMPTa3Jk4HbKmRlHmu+gCftg==}
    engines: {node: '>=12'}

  '@tanstack/virtual-core@3.11.2':
    resolution: {integrity: sha512-vTtpNt7mKCiZ1pwU9hfKPhpdVO2sVzFQsxoVBGtOSHxlrRRzYr8iQ2TlwbAcRYCcEiZ9ECAM8kBzH0v2+VzfKw==}

  '@types/react-dom@19.2.3':
    resolution: {integrity: sha512-jp2L/eY6fn+KgVVQAOqYItbF0VY/YApe5Mz2F0aykSO8gx31bYCZyvSeYxCHKvzHG5eZjc+zyaS5BrBWya2+kQ==}
    peerDependencies:
      '@types/react': ^19.2.0

  '@types/react@19.2.14':
    resolution: {integrity: sha512-ilcTH/UniCkMdtexkoCN0bI7pMcJDvmQFPvuPvmEaYA/NSfFTAgdUSLAoVjaRJm7+6PvcM+q1zYOwS4wTYMF9w==}

  '@typescript/typescript-aix-ppc64@7.0.2':
    resolution: {integrity: sha512-MTKKkWB7p/0E9xi1d1tHtZ5PiLkGEMIq88pK2CubZjOsLtYTLqhgIgi6zepFa+9GHZ6h05NMCkQxGKiPXMxXtQ==}
    engines: {node: '>=16.20.0'}
    cpu: [ppc64]
    os: [aix]

  '@typescript/typescript-darwin-arm64@7.0.2':
    resolution: {integrity: sha512-gowzar9MwS/aRWp6f3a4KUqzRjAZjOsmGNCM6LcTgXum+dBfgsBVMN+AgvOCCbguXyick6LJhpBszxMebJ8syA==}
    engines: {node: '>=16.20.0'}
    cpu: [arm64]
    os: [darwin]

  '@typescript/typescript-darwin-x64@7.0.2':
    resolution: {integrity: sha512-SZ9xZInqApNlNGc9s0W1VSsktYSOe9cFqNOIqmN1Gs8SmkjKZYFt017G4VwPxASInODuAdbTW7sXiFUf893RgA==}
    engines: {node: '>=16.20.0'}
    cpu: [x64]
    os: [darwin]

  '@typescript/typescript-freebsd-arm64@7.0.2':
    resolution: {integrity: sha512-W5NH4y/J0plIIS5b2xvTEkU7JFxyqdMAOgf+Ilhl0vHQXKO5dZoxd+C/jEtq56c4F3wk71RB4BMRQ2XdI+bwYQ==}
    engines: {node: '>=16.20.0'}
    cpu: [arm64]
    os: [freebsd]

  '@typescript/typescript-freebsd-x64@7.0.2':
    resolution: {integrity: sha512-UMGDx5sTpzNw3WiPebH7l90IWfJggEd+egHt/q6p7/Cm3zqoV7VxkGXt+3DxPIw8CcmvAB0j3sVVfbhX+M4Tpw==}
    engines: {node: '>=16.20.0'}
    cpu: [x64]
    os: [freebsd]

  '@typescript/typescript-linux-arm64@7.0.2':
    resolution: {integrity: sha512-Qh4eU4/y3yDjnfjjyPYihMj5/ODIlmt+Bzu17OI+fiSRDW57QmU5SiN63exPRNJPKUzcc1INa1NXdrJ+MqHjUQ==}
    engines: {node: '>=16.20.0'}
    cpu: [arm64]
    os: [linux]

  '@typescript/typescript-linux-arm@7.0.2':
    resolution: {integrity: sha512-gffT3xPz9sR7j/YJExkyPntrI0P2EP9XbOyWzth2/Gs0RstK+90RBcO0ncXoXy/beYll1SXw846Nf2zdnEz0QQ==}
    engines: {node: '>=16.20.0'}
    cpu: [arm]
    os: [linux]

  '@typescript/typescript-linux-loong64@7.0.2':
    resolution: {integrity: sha512-uEHck9i8hoAzXPiYRib1O7miOnz23SxIeVl6F4LXox+qov1K35jHcEW6VHKvZI+pyvl7fZEP4MCU5LYvIq1GuQ==}
    engines: {node: '>=16.20.0'}
    cpu: [loong64]
    os: [linux]

  '@typescript/typescript-linux-mips64el@7.0.2':
    resolution: {integrity: sha512-R4KvAMnE43W5Qeqb0Ly56O3mWMWIAgsMyz36DCaycd5nbg/9kzm0liw3JocfRqyJY0KPmzFjbswozXyW0DnIYA==}
    engines: {node: '>=16.20.0'}
    cpu: [mips64el]
    os: [linux]

  '@typescript/typescript-linux-ppc64@7.0.2':
    resolution: {integrity: sha512-DORx5b3sd/4S7eayxm4FQv+A7CrkUIGRaHiwI8oiHTAI1fAPWhF4J0vAlkC8biAlHSVVwxMQ3tjZ2/DVbnQiiA==}
    engines: {node: '>=16.20.0'}
    cpu: [ppc64]
    os: [linux]

  '@typescript/typescript-linux-riscv64@7.0.2':
    resolution: {integrity: sha512-wf0jqEDOjrPRnKwYRyyJDRo11KMbvMFrU+q4zqKyChODBzvlkbhNQfKvLxQCcwTpdDaXSHZTVuh0JoCrKCUMHQ==}
    engines: {node: '>=16.20.0'}
    cpu: [riscv64]
    os: [linux]

  '@typescript/typescript-linux-s390x@7.0.2':
    resolution: {integrity: sha512-IkwJc3L7yhytWd/ewjyxNDfOmswCm9GWMJT/ue/dU4aZNbwZeYAetq42VyLmsmSjvoX7z74X6ZaYCtzAr0EuGw==}
    engines: {node: '>=16.20.0'}
    cpu: [s390x]
    os: [linux]

  '@typescript/typescript-linux-x64@7.0.2':
    resolution: {integrity: sha512-EYdf2cNg7rgCWJnxCdJ+F3V39O8ihb37eHAu1LK8oAFizgTQbPOK7zHHXbPt8rX24COqODXeI3sIf0fCXG7H/A==}
    engines: {node: '>=16.20.0'}
    cpu: [x64]
    os: [linux]

  '@typescript/typescript-netbsd-arm64@7.0.2':
    resolution: {integrity: sha512-+polYF4MF04aPpO5FTkHran9yUQDSXqy5GiSDKpsll5jy3l3+g9QLhpf39T+ePtefhXLOGrLl0QIjkQP6VnelA==}
    engines: {node: '>=16.20.0'}
    cpu: [arm64]
    os: [netbsd]

  '@typescript/typescript-netbsd-x64@7.0.2':
    resolution: {integrity: sha512-8YIT0EHM/3dq10ZOVF/A7pc/YSMtbcecct4rWtexrnSCHOPcpC2KTLXfTCR6vDpnSiY12heNb1GiN/wu+T/FyA==}
    engines: {node: '>=16.20.0'}
    cpu: [x64]
    os: [netbsd]

  '@typescript/typescript-openbsd-arm64@7.0.2':
    resolution: {integrity: sha512-APT8+ClYnuYm1u9+kgGXoMj2VzWzcymwh2gNSQVySHfkRDGOTVkoWLjCmOQSaO+PoqQ57B0flRp9SA+7GnnkzQ==}
    engines: {node: '>=16.20.0'}
    cpu: [arm64]
    os: [openbsd]

  '@typescript/typescript-openbsd-x64@7.0.2':
    resolution: {integrity: sha512-yX7s+Q0Dln0Dt9tEzZsAjXXR/+ytBM7AlglaqyeMPxQszJ1JhlJdZ6jLA+IzldHtflX81em7lDao1xXu+aRRkg==}
    engines: {node: '>=16.20.0'}
    cpu: [x64]
    os: [openbsd]

  '@typescript/typescript-sunos-x64@7.0.2':
    resolution: {integrity: sha512-dLJDGaLZ1D4HPQn62u1n8mBDkJREwMsAkCdkwd4Ieqw+x3TUyTsqY0YiBCtE6H6OzzgGk3iuZ3vFWRS+E8/d1g==}
    engines: {node: '>=16.20.0'}
    cpu: [x64]
    os: [sunos]

  '@typescript/typescript-win32-arm64@7.0.2':
    resolution: {integrity: sha512-Gyl1Vy6OsWesLzmq+EP0Fb7b4Nid5232AvcA2SFcdYreldpNtYFFofPjnt62y9hQy7VTaZp65ICJjuAQRaVcIQ==}
    engines: {node: '>=16.20.0'}
    cpu: [arm64]
    os: [win32]

  '@typescript/typescript-win32-x64@7.0.2':
    resolution: {integrity: sha512-0BQ3HkAHHlKLSp1qRvf3SUhGpGsDuhB/jgFw75guyqbxJqEaS0Cw/VFO8i2nHglJUzQCRtMMR/IBAKE3ETMC4g==}
    engines: {node: '>=16.20.0'}
    cpu: [x64]
    os: [win32]

  '@typescript/typescript6@6.0.2':
    resolution: {integrity: sha512-mbCddXd+jm7hfx7w2YU64/Av4/NqqeG3GoRZgxPcgoTxYjhrcfJRw9ULch71SS4G+Q3bOXFhRvPqjguN0Hyp5w==}
    hasBin: true

  clsx@2.1.1:
    resolution: {integrity: sha512-eYm0QWBtUrBWZWG0d386OGAw16Z995PiOVo2B7bjWSbHedGl5e0ZWaq65kOGgUSNesEIDkB9ISbTg/JK9dhCZA==}
    engines: {node: '>=6'}

  csstype@3.2.3:
    resolution: {integrity: sha512-z1HGKcYy2xA8AGQfwrn0PAy+PB7X/GSj3UVJW9qKyn43xWa+gl5nXmU4qqLMRzWVLFC8KusUX8T/0kCiOYpAIQ==}

  dayjs@1.11.13:
    resolution: {integrity: sha512-oaMBel6gjolK862uaPQOVTA7q3TZhuSvuMQAAglQDOWYO9A91IrAOUJEyKVlqJlHE0vq5p5UXxzdPfMH/x6xNg==}

  detect-node-es@1.1.0:
    resolution: {integrity: sha512-ypdmJU/TbBby2Dxibuv7ZLW3Bs1QEmM7nHjEANfohJLvE0XVujisn1qPJcZxg+qDucsr+bP6fLD1rPS3AhJ7EQ==}

  get-nonce@1.0.1:
    resolution: {integrity: sha512-FJhYRoDaiatfEkUK8HKlicmu/3SGFD51q3itKDGoSTysQJBnfOcxU5GxnhE1E6soB76MbT0MBtnKJuXyAx+96Q==}
    engines: {node: '>=6'}

  mantine-react-table@file:../..:
    resolution: {directory: ../.., type: directory}
    engines: {node: '>=16'}
    peerDependencies:
      '@mantine/core': '>=9.0.0-alpha.0'
      '@mantine/dates': '>=9.0.0-alpha.0'
      '@mantine/hooks': '>=9.0.0-alpha.0'
      '@tabler/icons-react': '>=2.23.0'
      clsx: '>=2'
      dayjs: '>=1.11'
      react: '>=18.0'
      react-dom: '>=18.0'

  react-dom@19.2.4:
    resolution: {integrity: sha512-AXJdLo8kgMbimY95O2aKQqsz2iWi9jMgKJhRBAxECE4IFxfcazB2LmzloIoibJI3C12IlY20+KFaLv+71bUJeQ==}
    peerDependencies:
      react: ^19.2.4

  react-number-format@5.4.5:
    resolution: {integrity: sha512-y8O2yHHj3w0aE9XO8d2BCcUOOdQTRSVq+WIuMlLVucAm5XNjJAy+BoOJiuQMldVYVOKTMyvVNfnbl2Oqp+YxGw==}
    peerDependencies:
      react: ^0.14 || ^15.0.0 || ^16.0.0 || ^17.0.0 || ^18.0.0 || ^19.0.0
      react-dom: ^0.14 || ^15.0.0 || ^16.0.0 || ^17.0.0 || ^18.0.0 || ^19.0.0

  react-remove-scroll-bar@2.3.8:
    resolution: {integrity: sha512-9r+yi9+mgU33AKcj6IbT9oRCO78WriSj6t/cF8DWBZJ9aOGPOTEDvdUDz1FwKim7QXWwmHqtdHnRJfhAxEG46Q==}
    engines: {node: '>=10'}
    peerDependencies:
      '@types/react': '*'
      react: ^16.8.0 || ^17.0.0 || ^18.0.0 || ^19.0.0
    peerDependenciesMeta:
      '@types/react':
        optional: true

  react-remove-scroll@2.7.2:
    resolution: {integrity: sha512-Iqb9NjCCTt6Hf+vOdNIZGdTiH1QSqr27H/Ek9sv/a97gfueI/5h1s3yRi1nngzMUaOOToin5dI1dXKdXiF+u0Q==}
    engines: {node: '>=10'}
    peerDependencies:
      '@types/react': '*'
      react: ^16.8.0 || ^17.0.0 || ^18.0.0 || ^19.0.0 || ^19.0.0-rc
    peerDependenciesMeta:
      '@types/react':
        optional: true

  react-style-singleton@2.2.3:
    resolution: {integrity: sha512-b6jSvxvVnyptAiLjbkWLE/lOnR4lfTtDAl+eUC7RZy+QQWc6wRzIV2CE6xBuMmDxc2qIihtDCZD5NPOFl7fRBQ==}
    engines: {node: '>=10'}
    peerDependencies:
      '@types/react': '*'
      react: ^16.8.0 || ^17.0.0 || ^18.0.0 || ^19.0.0 || ^19.0.0-rc
    peerDependenciesMeta:
      '@types/react':
        optional: true

  react-textarea-autosize@8.5.9:
    resolution: {integrity: sha512-U1DGlIQN5AwgjTyOEnI1oCcMuEr1pv1qOtklB2l4nyMGbHzWrI0eFsYK0zos2YWqAolJyG0IWJaqWmWj5ETh0A==}
    engines: {node: '>=10'}
    peerDependencies:
      react: ^16.8.0 || ^17.0.0 || ^18.0.0 || ^19.0.0

  react@19.2.4:
    resolution: {integrity: sha512-9nfp2hYpCwOjAN+8TZFGhtWEwgvWHXqESH8qT89AT/lWklpLON22Lc8pEtnpsZz7VmawabSU0gCjnj8aC0euHQ==}
    engines: {node: '>=0.10.0'}

  remove-accents@0.5.0:
    resolution: {integrity: sha512-8g3/Otx1eJaVD12e31UbJj1YzdtVvzH85HV7t+9MJYk/u3XmkOUJ5Ys9wQrf9PCPK8+xn4ymzqYCiZl6QWKn+A==}

  scheduler@0.27.0:
    resolution: {integrity: sha512-eNv+WrVbKu1f3vbYJT/xtiF5syA5HPIMtf9IgY/nKg0sWqzAUEvqY/xm7OcZc/qafLx/iO9FgOmeSAp4v5ti/Q==}

  tabbable@6.5.0:
    resolution: {integrity: sha512-wieBHXygIm7OyQOu5hQlkk62/WyCFYGlWg7L6/ZCUZwx0o398Zkn4pVmMyfYhfMG8kGrj/Krt8eIk6UKC6VzwA==}

  tslib@2.8.1:
    resolution: {integrity: sha512-oJFu94HQb+KVduSUQL7wnpmqnfmLsOA/nAh6b6EH0wCEoK0/mPeXU6c3wKDV83MkOuHPRHtSXKKU99IBazS/2w==}

  type-fest@4.41.0:
    resolution: {integrity: sha512-TeTSQ6H5YHvpqVwBRcnLDCBnDOHWYu7IvGbHT6N8AOymcr9PJGjc1GTtiWZTYg0NCgYwvnYWEkVChQAr9bjfwA==}
    engines: {node: '>=16'}

  typescript@6.0.3:
    resolution: {integrity: sha512-y2TvuxSZPDyQakkFRPZHKFm+KKVqIisdg9/CZwm9ftvKXLP8NRWj38/ODjNbr43SsoXqNuAisEf1GdCxqWcdBw==}
    engines: {node: '>=14.17'}
    hasBin: true

  typescript@7.0.2:
    resolution: {integrity: sha512-8FYau96o3NKOhbjKi/qNvG/W5jhzxkbdm5sj9AbZ/5T5sWqn3hJgLfGx27sRKZWTvyzCP8dLRBTf5tBTSRVUNA==}
    engines: {node: '>=16.20.0'}
    hasBin: true

  use-callback-ref@1.3.3:
    resolution: {integrity: sha512-jQL3lRnocaFtu3V00JToYz/4QkNWswxijDaCVNZRiRTO3HQDLsdu1ZtmIUvV4yPp+rvWm5j0y0TG/S61cuijTg==}
    engines: {node: '>=10'}
    peerDependencies:
      '@types/react': '*'
      react: ^16.8.0 || ^17.0.0 || ^18.0.0 || ^19.0.0 || ^19.0.0-rc
    peerDependenciesMeta:
      '@types/react':
        optional: true

  use-composed-ref@1.4.0:
    resolution: {integrity: sha512-djviaxuOOh7wkj0paeO1Q/4wMZ8Zrnag5H6yBvzN7AKKe8beOaED9SF5/ByLqsku8NP4zQqsvM2u3ew/tJK8/w==}
    peerDependencies:
      '@types/react': '*'
      react: ^16.8.0 || ^17.0.0 || ^18.0.0 || ^19.0.0
    peerDependenciesMeta:
      '@types/react':
        optional: true

  use-isomorphic-layout-effect@1.2.1:
    resolution: {integrity: sha512-tpZZ+EX0gaghDAiFR37hj5MgY6ZN55kLiPkJsKxBMZ6GZdOSPJXiOzPM984oPYZ5AnehYx5WQp1+ME8I/P/pRA==}
    peerDependencies:
      '@types/react': '*'
      react: ^16.8.0 || ^17.0.0 || ^18.0.0 || ^19.0.0
    peerDependenciesMeta:
      '@types/react':
        optional: true

  use-latest@1.3.0:
    resolution: {integrity: sha512-mhg3xdm9NaM8q+gLT8KryJPnRFOz1/5XPBhmDEVZK1webPzDjrPk7f/mbpeLqTgB9msytYWANxgALOCJKnLvcQ==}
    peerDependencies:
      '@types/react': '*'
      react: ^16.8.0 || ^17.0.0 || ^18.0.0 || ^19.0.0
    peerDependenciesMeta:
      '@types/react':
        optional: true

  use-sidecar@1.1.3:
    resolution: {integrity: sha512-Fedw0aZvkhynoPYlA5WXrMCAMm+nSWdZt6lzJQ7Ok8S6Q+VsHmHpRWndVRJ8Be0ZbkfPc5LRYH+5XrzXcEeLRQ==}
    engines: {node: '>=10'}
    peerDependencies:
      '@types/react': '*'
      react: ^16.8.0 || ^17.0.0 || ^18.0.0 || ^19.0.0 || ^19.0.0-rc
    peerDependenciesMeta:
      '@types/react':
        optional: true

snapshots:

  '@babel/runtime@7.29.7': {}

  '@floating-ui/core@1.8.0':
    dependencies:
      '@floating-ui/utils': 0.2.12

  '@floating-ui/dom@1.8.0':
    dependencies:
      '@floating-ui/core': 1.8.0
      '@floating-ui/utils': 0.2.12

  '@floating-ui/react-dom@2.1.9(react-dom@19.2.4(react@19.2.4))(react@19.2.4)':
    dependencies:
      '@floating-ui/dom': 1.8.0
      react: 19.2.4
      react-dom: 19.2.4(react@19.2.4)

  '@floating-ui/react@0.27.20(react-dom@19.2.4(react@19.2.4))(react@19.2.4)':
    dependencies:
      '@floating-ui/react-dom': 2.1.9(react-dom@19.2.4(react@19.2.4))(react@19.2.4)
      '@floating-ui/utils': 0.2.12
      react: 19.2.4
      react-dom: 19.2.4(react@19.2.4)
      tabbable: 6.5.0

  '@floating-ui/utils@0.2.12': {}

  '@mantine/core@9.0.0-alpha.3(@mantine/hooks@9.0.0-alpha.3(react@19.2.4))(@types/react@19.2.14)(react-dom@19.2.4(react@19.2.4))(react@19.2.4)':
    dependencies:
      '@floating-ui/react': 0.27.20(react-dom@19.2.4(react@19.2.4))(react@19.2.4)
      '@mantine/hooks': 9.0.0-alpha.3(react@19.2.4)
      clsx: 2.1.1
      react: 19.2.4
      react-dom: 19.2.4(react@19.2.4)
      react-number-format: 5.4.5(react-dom@19.2.4(react@19.2.4))(react@19.2.4)
      react-remove-scroll: 2.7.2(@types/react@19.2.14)(react@19.2.4)
      react-textarea-autosize: 8.5.9(@types/react@19.2.14)(react@19.2.4)
      type-fest: 4.41.0
    transitivePeerDependencies:
      - '@types/react'

  '@mantine/dates@9.0.0-alpha.3(@mantine/core@9.0.0-alpha.3(@mantine/hooks@9.0.0-alpha.3(react@19.2.4))(@types/react@19.2.14)(react-dom@19.2.4(react@19.2.4))(react@19.2.4))(@mantine/hooks@9.0.0-alpha.3(react@19.2.4))(dayjs@1.11.13)(react-dom@19.2.4(react@19.2.4))(react@19.2.4)':
    dependencies:
      '@mantine/core': 9.0.0-alpha.3(@mantine/hooks@9.0.0-alpha.3(react@19.2.4))(@types/react@19.2.14)(react-dom@19.2.4(react@19.2.4))(react@19.2.4)
      '@mantine/hooks': 9.0.0-alpha.3(react@19.2.4)
      clsx: 2.1.1
      dayjs: 1.11.13
      react: 19.2.4
      react-dom: 19.2.4(react@19.2.4)

  '@mantine/hooks@9.0.0-alpha.3(react@19.2.4)':
    dependencies:
      react: 19.2.4

  '@tabler/icons-react@3.37.1(react@19.2.4)':
    dependencies:
      '@tabler/icons': 3.46.0
      react: 19.2.4

  '@tabler/icons@3.46.0': {}

  '@tanstack/match-sorter-utils@8.19.4':
    dependencies:
      remove-accents: 0.5.0

  '@tanstack/react-table@8.21.3(react-dom@19.2.4(react@19.2.4))(react@19.2.4)':
    dependencies:
      '@tanstack/table-core': 8.21.3
      react: 19.2.4
      react-dom: 19.2.4(react@19.2.4)

  '@tanstack/react-virtual@3.11.2(react-dom@19.2.4(react@19.2.4))(react@19.2.4)':
    dependencies:
      '@tanstack/virtual-core': 3.11.2
      react: 19.2.4
      react-dom: 19.2.4(react@19.2.4)

  '@tanstack/table-core@8.21.3': {}

  '@tanstack/virtual-core@3.11.2': {}

  '@types/react-dom@19.2.3(@types/react@19.2.14)':
    dependencies:
      '@types/react': 19.2.14

  '@types/react@19.2.14':
    dependencies:
      csstype: 3.2.3

  '@typescript/typescript-aix-ppc64@7.0.2':
    optional: true

  '@typescript/typescript-darwin-arm64@7.0.2':
    optional: true

  '@typescript/typescript-darwin-x64@7.0.2':
    optional: true

  '@typescript/typescript-freebsd-arm64@7.0.2':
    optional: true

  '@typescript/typescript-freebsd-x64@7.0.2':
    optional: true

  '@typescript/typescript-linux-arm64@7.0.2':
    optional: true

  '@typescript/typescript-linux-arm@7.0.2':
    optional: true

  '@typescript/typescript-linux-loong64@7.0.2':
    optional: true

  '@typescript/typescript-linux-mips64el@7.0.2':
    optional: true

  '@typescript/typescript-linux-ppc64@7.0.2':
    optional: true

  '@typescript/typescript-linux-riscv64@7.0.2':
    optional: true

  '@typescript/typescript-linux-s390x@7.0.2':
    optional: true

  '@typescript/typescript-linux-x64@7.0.2':
    optional: true

  '@typescript/typescript-netbsd-arm64@7.0.2':
    optional: true

  '@typescript/typescript-netbsd-x64@7.0.2':
    optional: true

  '@typescript/typescript-openbsd-arm64@7.0.2':
    optional: true

  '@typescript/typescript-openbsd-x64@7.0.2':
    optional: true

  '@typescript/typescript-sunos-x64@7.0.2':
    optional: true

  '@typescript/typescript-win32-arm64@7.0.2':
    optional: true

  '@typescript/typescript-win32-x64@7.0.2':
    optional: true

  '@typescript/typescript6@6.0.2':
    dependencies:
      '@typescript/old': typescript@6.0.3

  clsx@2.1.1: {}

  csstype@3.2.3: {}

  dayjs@1.11.13: {}

  detect-node-es@1.1.0: {}

  get-nonce@1.0.1: {}

  mantine-react-table@file:../..(@mantine/core@9.0.0-alpha.3(@mantine/hooks@9.0.0-alpha.3(react@19.2.4))(@types/react@19.2.14)(react-dom@19.2.4(react@19.2.4))(react@19.2.4))(@mantine/dates@9.0.0-alpha.3(@mantine/core@9.0.0-alpha.3(@mantine/hooks@9.0.0-alpha.3(react@19.2.4))(@types/react@19.2.14)(react-dom@19.2.4(react@19.2.4))(react@19.2.4))(@mantine/hooks@9.0.0-alpha.3(react@19.2.4))(dayjs@1.11.13)(react-dom@19.2.4(react@19.2.4))(react@19.2.4))(@mantine/hooks@9.0.0-alpha.3(react@19.2.4))(@tabler/icons-react@3.37.1(react@19.2.4))(clsx@2.1.1)(dayjs@1.11.13)(react-dom@19.2.4(react@19.2.4))(react@19.2.4):
    dependencies:
      '@mantine/core': 9.0.0-alpha.3(@mantine/hooks@9.0.0-alpha.3(react@19.2.4))(@types/react@19.2.14)(react-dom@19.2.4(react@19.2.4))(react@19.2.4)
      '@mantine/dates': 9.0.0-alpha.3(@mantine/core@9.0.0-alpha.3(@mantine/hooks@9.0.0-alpha.3(react@19.2.4))(@types/react@19.2.14)(react-dom@19.2.4(react@19.2.4))(react@19.2.4))(@mantine/hooks@9.0.0-alpha.3(react@19.2.4))(dayjs@1.11.13)(react-dom@19.2.4(react@19.2.4))(react@19.2.4)
      '@mantine/hooks': 9.0.0-alpha.3(react@19.2.4)
      '@tabler/icons-react': 3.37.1(react@19.2.4)
      '@tanstack/match-sorter-utils': 8.19.4
      '@tanstack/react-table': 8.21.3(react-dom@19.2.4(react@19.2.4))(react@19.2.4)
      '@tanstack/react-virtual': 3.11.2(react-dom@19.2.4(react@19.2.4))(react@19.2.4)
      clsx: 2.1.1
      dayjs: 1.11.13
      react: 19.2.4
      react-dom: 19.2.4(react@19.2.4)

  react-dom@19.2.4(react@19.2.4):
    dependencies:
      react: 19.2.4
      scheduler: 0.27.0

  react-number-format@5.4.5(react-dom@19.2.4(react@19.2.4))(react@19.2.4):
    dependencies:
      react: 19.2.4
      react-dom: 19.2.4(react@19.2.4)

  react-remove-scroll-bar@2.3.8(@types/react@19.2.14)(react@19.2.4):
    dependencies:
      react: 19.2.4
      react-style-singleton: 2.2.3(@types/react@19.2.14)(react@19.2.4)
      tslib: 2.8.1
    optionalDependencies:
      '@types/react': 19.2.14

  react-remove-scroll@2.7.2(@types/react@19.2.14)(react@19.2.4):
    dependencies:
      react: 19.2.4
      react-remove-scroll-bar: 2.3.8(@types/react@19.2.14)(react@19.2.4)
      react-style-singleton: 2.2.3(@types/react@19.2.14)(react@19.2.4)
      tslib: 2.8.1
      use-callback-ref: 1.3.3(@types/react@19.2.14)(react@19.2.4)
      use-sidecar: 1.1.3(@types/react@19.2.14)(react@19.2.4)
    optionalDependencies:
      '@types/react': 19.2.14

  react-style-singleton@2.2.3(@types/react@19.2.14)(react@19.2.4):
    dependencies:
      get-nonce: 1.0.1
      react: 19.2.4
      tslib: 2.8.1
    optionalDependencies:
      '@types/react': 19.2.14

  react-textarea-autosize@8.5.9(@types/react@19.2.14)(react@19.2.4):
    dependencies:
      '@babel/runtime': 7.29.7
      react: 19.2.4
      use-composed-ref: 1.4.0(@types/react@19.2.14)(react@19.2.4)
      use-latest: 1.3.0(@types/react@19.2.14)(react@19.2.4)
    transitivePeerDependencies:
      - '@types/react'

  react@19.2.4: {}

  remove-accents@0.5.0: {}

  scheduler@0.27.0: {}

  tabbable@6.5.0: {}

  tslib@2.8.1: {}

  type-fest@4.41.0: {}

  typescript@6.0.3: {}

  typescript@7.0.2:
    optionalDependencies:
      '@typescript/typescript-aix-ppc64': 7.0.2
      '@typescript/typescript-darwin-arm64': 7.0.2
      '@typescript/typescript-darwin-x64': 7.0.2
      '@typescript/typescript-freebsd-arm64': 7.0.2
      '@typescript/typescript-freebsd-x64': 7.0.2
      '@typescript/typescript-linux-arm': 7.0.2
      '@typescript/typescript-linux-arm64': 7.0.2
      '@typescript/typescript-linux-loong64': 7.0.2
      '@typescript/typescript-linux-mips64el': 7.0.2
      '@typescript/typescript-linux-ppc64': 7.0.2
      '@typescript/typescript-linux-riscv64': 7.0.2
      '@typescript/typescript-linux-s390x': 7.0.2
      '@typescript/typescript-linux-x64': 7.0.2
      '@typescript/typescript-netbsd-arm64': 7.0.2
      '@typescript/typescript-netbsd-x64': 7.0.2
      '@typescript/typescript-openbsd-arm64': 7.0.2
      '@typescript/typescript-openbsd-x64': 7.0.2
      '@typescript/typescript-sunos-x64': 7.0.2
      '@typescript/typescript-win32-arm64': 7.0.2
      '@typescript/typescript-win32-x64': 7.0.2

  use-callback-ref@1.3.3(@types/react@19.2.14)(react@19.2.4):
    dependencies:
      react: 19.2.4
      tslib: 2.8.1
    optionalDependencies:
      '@types/react': 19.2.14

  use-composed-ref@1.4.0(@types/react@19.2.14)(react@19.2.4):
    dependencies:
      react: 19.2.4
    optionalDependencies:
      '@types/react': 19.2.14

  use-isomorphic-layout-effect@1.2.1(@types/react@19.2.14)(react@19.2.4):
    dependencies:
      react: 19.2.4
    optionalDependencies:
      '@types/react': 19.2.14

  use-latest@1.3.0(@types/react@19.2.14)(react@19.2.4):
    dependencies:
      react: 19.2.4
      use-isomorphic-layout-effect: 1.2.1(@types/react@19.2.14)(react@19.2.4)
    optionalDependencies:
      '@types/react': 19.2.14

  use-sidecar@1.1.3(@types/react@19.2.14)(react@19.2.4):
    dependencies:
      detect-node-es: 1.1.0
      react: 19.2.4
      tslib: 2.8.1
    optionalDependencies:
      '@types/react': 19.2.14
